{
  "name": "@svg-shards/highlighter",
  "version": "0.2.0",
  "lockfileVersion": 3,
  "requires": true,
  "packages": {
    "": {
      "name": "@svg-shards/highlighter",
      "version": "0.2.0",
      "license": "MIT",
      "devDependencies": {
        "@preact/signals-core": "^1.14.2",
        "svg-shards": "file:../..",
        "typescript": "^5.3.3"
      },
      "peerDependencies": {
        "@preact/signals-core": "^1.14.2",
        "svg-shards": "^0.2.0"
      }
    },
    "../..": {
      "name": "svg-shards",
      "version": "0.2.0",
      "dev": true,
      "license": "MIT",
      "devDependencies": {
        "@eslint/js": "^9.39.1",
        "@preact/signals-core": "^1.14.2",
        "esbuild": "^0.20.0",
        "eslint": "^9.39.1",
        "eslint-config-prettier": "^10.1.8",
        "globals": "^16.5.0",
        "husky": "^9.1.7",
        "jsdom": "^24.0.0",
        "lint-staged": "^16.4.0",
        "prettier": "^3.2.4",
        "typescript": "^5.9.3",
        "typescript-eslint": "^8.46.4",
        "vitest": "^1.2.0"
      },
      "peerDependencies": {
        "@preact/signals-core": "^1.14.2"
      }
    },
    "node_modules/@preact/signals-core": {
      "version": "1.14.2",
      "resolved": "https://registry.npmjs.org/@preact/signals-core/-/signals-core-1.14.2.tgz",
      "integrity": "sha512-RZHdBj9ZF4n40Rp4jS052EHHjBWf96P9oNdXPfhQTovCuWY9iQn3Gq+gOTJSgBO9A/JBuPfMOWsSX/lIU9Pc/A==",
      "dev": true,
      "license": "MIT",
      "funding": {
        "type": "opencollective",
        "url": "https://opencollective.com/preact"
      }
    },
    "node_modules/svg-shards": {
      "resolved": "../..",
      "link": true
    },
    "node_modules/typescript": {
      "version": "5.9.3",
      "resolved": "https://registry.npmjs.org/typescript/-/typescript-5.9.3.tgz",
      "integrity": "sha512-jl1vZzPDinLr9eUt3J/t7V6FgNEw9QjvBPdysz9KfQDD41fQrC2Y4vKQdiaUpFT4bXlb1RHhLpp8wtm6M5TgSw==",
      "dev": true,
      "license": "Apache-2.0",
      "bin": {
        "tsc": "bin/tsc",
        "tsserver": "bin/tsserver"
      },
      "engines": {
        "node": ">=14.17"
      }
    }
  }
}
